
Microsoft Visual Studio Solution File, Format Version 12.00
# Visual Studio Version 17
VisualStudioVersion = 17.1.32414.318
MinimumVisualStudioVersion = 10.0.40219.1
Project("{FAE04EC0-301F-11D3-BF4B-00C04F79EFBC}") = "ContactTracingApp.Dalangin", "ContactTracingApp.Dalangin\ContactTracingApp.Dalangin.csproj", "{B070046F-101E-43C5-8793-13ED72FAFCA7}"
EndProject
Global
	GlobalSection(SolutionConfigurationPlatforms) = preSolution
		Debug|Any CPU = Debug|Any CPU
		Release|Any CPU = Release|Any CPU
	EndGlobalSection
	GlobalSection(ProjectConfigurationPlatforms) = postSolution
		{B070046F-101E-43C5-8793-13ED72FAFCA7}.Debug|Any CPU.ActiveCfg = Debug|Any CPU
		{B070046F-101E-43C5-8793-13ED72FAFCA7}.Debug|Any CPU.Build.0 = Debug|Any CPU
		{B070046F-101E-43C5-8793-13ED72FAFCA7}.Release|Any CPU.ActiveCfg = Release|Any CPU
		{B070046F-101E-43C5-8793-13ED72FAFCA7}.Release|Any CPU.Build.0 = Release|Any CPU
	EndGlobalSection
	GlobalSection(SolutionProperties) = preSolution
		HideSolutionNode = FALSE
	EndGlobalSection
	GlobalSection(ExtensibilityGlobals) = postSolution
		SolutionGuid = {985FBB8B-3A8F-468D-893D-DD0B9A2D7B89}
	EndGlobalSection
EndGlobal
